
Microsoft Visual Studio Solution File, Format Version 12.00
# Visual Studio 15
VisualStudioVersion = 15.0.26430.16
MinimumVisualStudioVersion = 10.0.40219.1
Project("{FAE04EC0-301F-11D3-BF4B-00C04F79EFBC}") = "ttrssclient", "ttrssclient\ttrssclient.csproj", "{257CE677-CCF5-4692-B0F1-782B9F6E6A9A}"
EndProject
Project("{FAE04EC0-301F-11D3-BF4B-00C04F79EFBC}") = "ttrssdemo", "ttrssdemo\ttrssdemo.csproj", "{9F74AC01-47FF-4FC2-B5D8-487C2CC94555}"
EndProject
Project("{FAE04EC0-301F-11D3-BF4B-00C04F79EFBC}") = "ttrssclientgui", "ttrssclientgui\ttrssclientgui.csproj", "{03473376-729C-4A79-AE85-F22AA307CB69}"
EndProject
Global
	GlobalSection(SolutionConfigurationPlatforms) = preSolution
		Debug|Any CPU = Debug|Any CPU
		Debug|ARM = Debug|ARM
		Debug|x64 = Debug|x64
		Debug|x86 = Debug|x86
		Release|Any CPU = Release|Any CPU
		Release|ARM = Release|ARM
		Release|x64 = Release|x64
		Release|x86 = Release|x86
	EndGlobalSection
	GlobalSection(ProjectConfigurationPlatforms) = postSolution
		{257CE677-CCF5-4692-B0F1-782B9F6E6A9A}.Debug|Any CPU.ActiveCfg = Debug|Any CPU
		{257CE677-CCF5-4692-B0F1-782B9F6E6A9A}.Debug|Any CPU.Build.0 = Debug|Any CPU
		{257CE677-CCF5-4692-B0F1-782B9F6E6A9A}.Debug|ARM.ActiveCfg = Debug|Any CPU
		{257CE677-CCF5-4692-B0F1-782B9F6E6A9A}.Debug|ARM.Build.0 = Debug|Any CPU
		{257CE677-CCF5-4692-B0F1-782B9F6E6A9A}.Debug|x64.ActiveCfg = Debug|Any CPU
		{257CE677-CCF5-4692-B0F1-782B9F6E6A9A}.Debug|x64.Build.0 = Debug|Any CPU
		{257CE677-CCF5-4692-B0F1-782B9F6E6A9A}.Debug|x86.ActiveCfg = Debug|Any CPU
		{257CE677-CCF5-4692-B0F1-782B9F6E6A9A}.Debug|x86.Build.0 = Debug|Any CPU
		{257CE677-CCF5-4692-B0F1-782B9F6E6A9A}.Release|Any CPU.ActiveCfg = Release|Any CPU
		{257CE677-CCF5-4692-B0F1-782B9F6E6A9A}.Release|Any CPU.Build.0 = Release|Any CPU
		{257CE677-CCF5-4692-B0F1-782B9F6E6A9A}.Release|ARM.ActiveCfg = Release|Any CPU
		{257CE677-CCF5-4692-B0F1-782B9F6E6A9A}.Release|ARM.Build.0 = Release|Any CPU
		{257CE677-CCF5-4692-B0F1-782B9F6E6A9A}.Release|x64.ActiveCfg = Release|Any CPU
		{257CE677-CCF5-4692-B0F1-782B9F6E6A9A}.Release|x64.Build.0 = Release|Any CPU
		{257CE677-CCF5-4692-B0F1-782B9F6E6A9A}.Release|x86.ActiveCfg = Release|Any CPU
		{257CE677-CCF5-4692-B0F1-782B9F6E6A9A}.Release|x86.Build.0 = Release|Any CPU
		{9F74AC01-47FF-4FC2-B5D8-487C2CC94555}.Debug|Any CPU.ActiveCfg = Debug|Any CPU
		{9F74AC01-47FF-4FC2-B5D8-487C2CC94555}.Debug|Any CPU.Build.0 = Debug|Any CPU
		{9F74AC01-47FF-4FC2-B5D8-487C2CC94555}.Debug|ARM.ActiveCfg = Debug|Any CPU
		{9F74AC01-47FF-4FC2-B5D8-487C2CC94555}.Debug|ARM.Build.0 = Debug|Any CPU
		{9F74AC01-47FF-4FC2-B5D8-487C2CC94555}.Debug|x64.ActiveCfg = Debug|Any CPU
		{9F74AC01-47FF-4FC2-B5D8-487C2CC94555}.Debug|x64.Build.0 = Debug|Any CPU
		{9F74AC01-47FF-4FC2-B5D8-487C2CC94555}.Debug|x86.ActiveCfg = Debug|Any CPU
		{9F74AC01-47FF-4FC2-B5D8-487C2CC94555}.Debug|x86.Build.0 = Debug|Any CPU
		{9F74AC01-47FF-4FC2-B5D8-487C2CC94555}.Release|Any CPU.ActiveCfg = Release|Any CPU
		{9F74AC01-47FF-4FC2-B5D8-487C2CC94555}.Release|Any CPU.Build.0 = Release|Any CPU
		{9F74AC01-47FF-4FC2-B5D8-487C2CC94555}.Release|ARM.ActiveCfg = Release|Any CPU
		{9F74AC01-47FF-4FC2-B5D8-487C2CC94555}.Release|ARM.Build.0 = Release|Any CPU
		{9F74AC01-47FF-4FC2-B5D8-487C2CC94555}.Release|x64.ActiveCfg = Release|Any CPU
		{9F74AC01-47FF-4FC2-B5D8-487C2CC94555}.Release|x64.Build.0 = Release|Any CPU
		{9F74AC01-47FF-4FC2-B5D8-487C2CC94555}.Release|x86.ActiveCfg = Release|Any CPU
		{9F74AC01-47FF-4FC2-B5D8-487C2CC94555}.Release|x86.Build.0 = Release|Any CPU
		{03473376-729C-4A79-AE85-F22AA307CB69}.Debug|Any CPU.ActiveCfg = Debug|x86
		{03473376-729C-4A79-AE85-F22AA307CB69}.Debug|ARM.ActiveCfg = Debug|ARM
		{03473376-729C-4A79-AE85-F22AA307CB69}.Debug|ARM.Build.0 = Debug|ARM
		{03473376-729C-4A79-AE85-F22AA307CB69}.Debug|ARM.Deploy.0 = Debug|ARM
		{03473376-729C-4A79-AE85-F22AA307CB69}.Debug|x64.ActiveCfg = Debug|x64
		{03473376-729C-4A79-AE85-F22AA307CB69}.Debug|x64.Build.0 = Debug|x64
		{03473376-729C-4A79-AE85-F22AA307CB69}.Debug|x64.Deploy.0 = Debug|x64
		{03473376-729C-4A79-AE85-F22AA307CB69}.Debug|x86.ActiveCfg = Debug|x86
		{03473376-729C-4A79-AE85-F22AA307CB69}.Debug|x86.Build.0 = Debug|x86
		{03473376-729C-4A79-AE85-F22AA307CB69}.Debug|x86.Deploy.0 = Debug|x86
		{03473376-729C-4A79-AE85-F22AA307CB69}.Release|Any CPU.ActiveCfg = Release|x86
		{03473376-729C-4A79-AE85-F22AA307CB69}.Release|ARM.ActiveCfg = Release|ARM
		{03473376-729C-4A79-AE85-F22AA307CB69}.Release|ARM.Build.0 = Release|ARM
		{03473376-729C-4A79-AE85-F22AA307CB69}.Release|ARM.Deploy.0 = Release|ARM
		{03473376-729C-4A79-AE85-F22AA307CB69}.Release|x64.ActiveCfg = Release|x64
		{03473376-729C-4A79-AE85-F22AA307CB69}.Release|x64.Build.0 = Release|x64
		{03473376-729C-4A79-AE85-F22AA307CB69}.Release|x64.Deploy.0 = Release|x64
		{03473376-729C-4A79-AE85-F22AA307CB69}.Release|x86.ActiveCfg = Release|x86
		{03473376-729C-4A79-AE85-F22AA307CB69}.Release|x86.Build.0 = Release|x86
		{03473376-729C-4A79-AE85-F22AA307CB69}.Release|x86.Deploy.0 = Release|x86
	EndGlobalSection
	GlobalSection(SolutionProperties) = preSolution
		HideSolutionNode = FALSE
	EndGlobalSection
EndGlobal
